
Microsoft Visual Studio Solution File, Format Version 12.00
Project("{FAE04EC0-301F-11D3-BF4B-00C04F79EFBC}") = "semesterProject2", "semesterProject2\semesterProject2.csproj", "{F4B994B4-BD53-45DC-B20F-32AF6979FA0D}"
EndProject
Global
	GlobalSection(SolutionConfigurationPlatforms) = preSolution
		Debug|Any CPU = Debug|Any CPU
		Release|Any CPU = Release|Any CPU
	EndGlobalSection
	GlobalSection(ProjectConfigurationPlatforms) = postSolution
		{F4B994B4-BD53-45DC-B20F-32AF6979FA0D}.Debug|Any CPU.ActiveCfg = Debug|Any CPU
		{F4B994B4-BD53-45DC-B20F-32AF6979FA0D}.Debug|Any CPU.Build.0 = Debug|Any CPU
		{F4B994B4-BD53-45DC-B20F-32AF6979FA0D}.Release|Any CPU.ActiveCfg = Release|Any CPU
		{F4B994B4-BD53-45DC-B20F-32AF6979FA0D}.Release|Any CPU.Build.0 = Release|Any CPU
	EndGlobalSection
EndGlobal
